{
  "version": 4,
  "terraform_version": "1.12.1",
  "serial": 70,
  "lineage": "e382b6cb-b21a-81df-1d4b-3db7c721bda8",
  "outputs": {},
  "resources": [
    {
      "module": "module.backend_public_ip",
      "mode": "managed",
      "type": "azurerm_public_ip",
      "name": "example",
      "provider": "provider[\"registry.terraform.io/hashicorp/azurerm\"]",
      "instances": [
        {
          "schema_version": 0,
          "attributes": {
            "allocation_method": "Static",
            "ddos_protection_mode": "VirtualNetworkInherited",
            "ddos_protection_plan_id": null,
            "domain_name_label": null,
            "domain_name_label_scope": null,
            "edge_zone": "",
            "fqdn": null,
            "id": "/subscriptions/ba578ce6-e042-4ed5-9e0b-99d4cc681a62/resourceGroups/anirg_todo/providers/Microsoft.Network/publicIPAddresses/pip_backend",
            "idle_timeout_in_minutes": 4,
            "ip_address": "172.192.8.112",
            "ip_tags": {},
            "ip_version": "IPv4",
            "location": "japaneast",
            "name": "pip_backend",
            "public_ip_prefix_id": null,
            "resource_group_name": "anirg_todo",
            "reverse_fqdn": null,
            "sku": "Standard",
            "sku_tier": "Regional",
            "tags": {},
            "timeouts": null,
            "zones": []
          },
          "sensitive_attributes": [],
          "identity_schema_version": 0,
          "private": "eyJlMmJmYjczMC1lY2FhLTExZTYtOGY4OC0zNDM2M2JjN2M0YzAiOnsiY3JlYXRlIjoxODAwMDAwMDAwMDAwLCJkZWxldGUiOjE4MDAwMDAwMDAwMDAsInJlYWQiOjMwMDAwMDAwMDAwMCwidXBkYXRlIjoxODAwMDAwMDAwMDAwfX0="
        }
      ]
    },
    {
      "module": "module.backend_subnet",
      "mode": "managed",
      "type": "azurerm_subnet",
      "name": "subnet",
      "provider": "provider[\"registry.terraform.io/hashicorp/azurerm\"]",
      "instances": [
        {
          "schema_version": 0,
          "attributes": {
            "address_prefixes": [
              "10.0.2.0/24"
            ],
            "default_outbound_access_enabled": true,
            "delegation": [],
            "id": "/subscriptions/ba578ce6-e042-4ed5-9e0b-99d4cc681a62/resourceGroups/anirg_todo/providers/Microsoft.Network/virtualNetworks/anivnet/subnets/backend_subnet",
            "name": "backend_subnet",
            "private_endpoint_network_policies": "Disabled",
            "private_link_service_network_policies_enabled": true,
            "resource_group_name": "anirg_todo",
            "service_endpoint_policy_ids": [],
            "service_endpoints": [],
            "timeouts": null,
            "virtual_network_name": "anivnet"
          },
          "sensitive_attributes": [],
          "identity_schema_version": 0,
          "private": "eyJlMmJmYjczMC1lY2FhLTExZTYtOGY4OC0zNDM2M2JjN2M0YzAiOnsiY3JlYXRlIjoxODAwMDAwMDAwMDAwLCJkZWxldGUiOjE4MDAwMDAwMDAwMDAsInJlYWQiOjMwMDAwMDAwMDAwMCwidXBkYXRlIjoxODAwMDAwMDAwMDAwfX0=",
          "dependencies": [
            "module.resource_group.azurerm_resource_group.rg_name",
            "module.virtual_network.azurerm_virtual_network.vnet"
          ]
        }
      ]
    },
    {
      "module": "module.backend_vm",
      "mode": "data",
      "type": "azurerm_key_vault",
      "name": "kv",
      "provider": "provider[\"registry.terraform.io/hashicorp/azurerm\"]",
      "instances": [
        {
          "schema_version": 0,
          "attributes": {
            "access_policy": [],
            "enable_rbac_authorization": true,
            "enabled_for_deployment": false,
            "enabled_for_disk_encryption": false,
            "enabled_for_template_deployment": false,
            "id": "/subscriptions/ba578ce6-e042-4ed5-9e0b-99d4cc681a62/resourceGroups/ani_keyvault/providers/Microsoft.KeyVault/vaults/anikv003",
            "location": "japaneast",
            "name": "anikv003",
            "network_acls": [
              {
                "bypass": "None",
                "default_action": "Allow",
                "ip_rules": [],
                "virtual_network_subnet_ids": []
              }
            ],
            "public_network_access_enabled": true,
            "purge_protection_enabled": false,
            "resource_group_name": "ani_keyvault",
            "sku_name": "standard",
            "tags": {},
            "tenant_id": "b253b333-729c-4621-ac05-e00f2a594b54",
            "timeouts": null,
            "vault_uri": "https://anikv003.vault.azure.net/"
          },
          "sensitive_attributes": [],
          "identity_schema_version": 0
        }
      ]
    },
    {
      "module": "module.backend_vm",
      "mode": "data",
      "type": "azurerm_key_vault_secret",
      "name": "vm_password",
      "provider": "provider[\"registry.terraform.io/hashicorp/azurerm\"]",
      "instances": [
        {
          "schema_version": 0,
          "attributes": {
            "content_type": "",
            "expiration_date": null,
            "id": "https://anikv003.vault.azure.net/secrets/vm-password/c3ce4d427d294459a42276ae3f51b08e",
            "key_vault_id": "/subscriptions/ba578ce6-e042-4ed5-9e0b-99d4cc681a62/resourceGroups/ani_keyvault/providers/Microsoft.KeyVault/vaults/anikv003",
            "name": "vm-password",
            "not_before_date": null,
            "resource_id": "/subscriptions/ba578ce6-e042-4ed5-9e0b-99d4cc681a62/resourceGroups/ani_keyvault/providers/Microsoft.KeyVault/vaults/anikv003/secrets/vm-password/versions/c3ce4d427d294459a42276ae3f51b08e",
            "resource_versionless_id": "/subscriptions/ba578ce6-e042-4ed5-9e0b-99d4cc681a62/resourceGroups/ani_keyvault/providers/Microsoft.KeyVault/vaults/anikv003/secrets/vm-password",
            "tags": {},
            "timeouts": null,
            "value": "Devops@12345",
            "version": "c3ce4d427d294459a42276ae3f51b08e",
            "versionless_id": "https://anikv003.vault.azure.net/secrets/vm-password"
          },
          "sensitive_attributes": [
            [
              {
                "type": "get_attr",
                "value": "value"
              }
            ]
          ],
          "identity_schema_version": 0
        }
      ]
    },
    {
      "module": "module.backend_vm",
      "mode": "data",
      "type": "azurerm_key_vault_secret",
      "name": "vm_username",
      "provider": "provider[\"registry.terraform.io/hashicorp/azurerm\"]",
      "instances": [
        {
          "schema_version": 0,
          "attributes": {
            "content_type": "",
            "expiration_date": null,
            "id": "https://anikv003.vault.azure.net/secrets/vm-username/33cf4c36047e4818a2f7056a9c4b6f58",
            "key_vault_id": "/subscriptions/ba578ce6-e042-4ed5-9e0b-99d4cc681a62/resourceGroups/ani_keyvault/providers/Microsoft.KeyVault/vaults/anikv003",
            "name": "vm-username",
            "not_before_date": null,
            "resource_id": "/subscriptions/ba578ce6-e042-4ed5-9e0b-99d4cc681a62/resourceGroups/ani_keyvault/providers/Microsoft.KeyVault/vaults/anikv003/secrets/vm-username/versions/33cf4c36047e4818a2f7056a9c4b6f58",
            "resource_versionless_id": "/subscriptions/ba578ce6-e042-4ed5-9e0b-99d4cc681a62/resourceGroups/ani_keyvault/providers/Microsoft.KeyVault/vaults/anikv003/secrets/vm-username",
            "tags": {},
            "timeouts": null,
            "value": "devopsadmin",
            "version": "33cf4c36047e4818a2f7056a9c4b6f58",
            "versionless_id": "https://anikv003.vault.azure.net/secrets/vm-username"
          },
          "sensitive_attributes": [
            [
              {
                "type": "get_attr",
                "value": "value"
              }
            ]
          ],
          "identity_schema_version": 0
        }
      ]
    },
    {
      "module": "module.backend_vm",
      "mode": "data",
      "type": "azurerm_public_ip",
      "name": "pip",
      "provider": "provider[\"registry.terraform.io/hashicorp/azurerm\"]",
      "instances": [
        {
          "schema_version": 0,
          "attributes": {
            "allocation_method": "Static",
            "ddos_protection_mode": "VirtualNetworkInherited",
            "ddos_protection_plan_id": null,
            "domain_name_label": "",
            "fqdn": "",
            "id": "/subscriptions/ba578ce6-e042-4ed5-9e0b-99d4cc681a62/resourceGroups/anirg_todo/providers/Microsoft.Network/publicIPAddresses/pip_backend",
            "idle_timeout_in_minutes": 4,
            "ip_address": "172.192.8.112",
            "ip_tags": {},
            "ip_version": "IPv4",
            "location": "japaneast",
            "name": "pip_backend",
            "resource_group_name": "anirg_todo",
            "reverse_fqdn": "",
            "sku": "Standard",
            "tags": {},
            "timeouts": null,
            "zones": []
          },
          "sensitive_attributes": [],
          "identity_schema_version": 0
        }
      ]
    },
    {
      "module": "module.backend_vm",
      "mode": "data",
      "type": "azurerm_subnet",
      "name": "subnet",
      "provider": "provider[\"registry.terraform.io/hashicorp/azurerm\"]",
      "instances": [
        {
          "schema_version": 0,
          "attributes": {
            "address_prefix": "10.0.2.0/24",
            "address_prefixes": [
              "10.0.2.0/24"
            ],
            "default_outbound_access_enabled": true,
            "id": "/subscriptions/ba578ce6-e042-4ed5-9e0b-99d4cc681a62/resourceGroups/anirg_todo/providers/Microsoft.Network/virtualNetworks/anivnet/subnets/backend_subnet",
            "name": "backend_subnet",
            "network_security_group_id": "",
            "private_endpoint_network_policies": "Disabled",
            "private_link_service_network_policies_enabled": true,
            "resource_group_name": "anirg_todo",
            "route_table_id": "",
            "service_endpoints": [],
            "timeouts": null,
            "virtual_network_name": "anivnet"
          },
          "sensitive_attributes": [],
          "identity_schema_version": 0
        }
      ]
    },
    {
      "module": "module.backend_vm",
      "mode": "managed",
      "type": "azurerm_linux_virtual_machine",
      "name": "linux_vm",
      "provider": "provider[\"registry.terraform.io/hashicorp/azurerm\"]",
      "instances": [
        {
          "schema_version": 0,
          "attributes": {
            "additional_capabilities": [],
            "admin_password": "Devops@12345",
            "admin_ssh_key": [],
            "admin_username": "devopsadmin",
            "allow_extension_operations": true,
            "availability_set_id": "",
            "boot_diagnostics": [],
            "bypass_platform_safety_checks_on_user_schedule_enabled": false,
            "capacity_reservation_group_id": "",
            "computer_name": "vm-backend",
            "custom_data": null,
            "dedicated_host_group_id": "",
            "dedicated_host_id": "",
            "disable_password_authentication": false,
            "disk_controller_type": "",
            "edge_zone": "",
            "encryption_at_host_enabled": false,
            "eviction_policy": "",
            "extensions_time_budget": "PT1H30M",
            "gallery_application": [],
            "id": "/subscriptions/ba578ce6-e042-4ed5-9e0b-99d4cc681a62/resourceGroups/anirg_todo/providers/Microsoft.Compute/virtualMachines/vm-backend",
            "identity": [],
            "license_type": "",
            "location": "japaneast",
            "max_bid_price": -1,
            "name": "vm-backend",
            "network_interface_ids": [
              "/subscriptions/ba578ce6-e042-4ed5-9e0b-99d4cc681a62/resourceGroups/anirg_todo/providers/Microsoft.Network/networkInterfaces/nic_vm_backend"
            ],
            "os_disk": [
              {
                "caching": "ReadWrite",
                "diff_disk_settings": [],
                "disk_encryption_set_id": "",
                "disk_size_gb": 30,
                "id": "/subscriptions/ba578ce6-e042-4ed5-9e0b-99d4cc681a62/resourceGroups/anirg_todo/providers/Microsoft.Compute/disks/vm-backend_OsDisk_1_8e0b69e11dd646eda74639ab71db6e24",
                "name": "vm-backend_OsDisk_1_8e0b69e11dd646eda74639ab71db6e24",
                "secure_vm_disk_encryption_set_id": "",
                "security_encryption_type": "",
                "storage_account_type": "Standard_LRS",
                "write_accelerator_enabled": false
              }
            ],
            "os_image_notification": [],
            "patch_assessment_mode": "ImageDefault",
            "patch_mode": "ImageDefault",
            "plan": [],
            "platform_fault_domain": -1,
            "priority": "Regular",
            "private_ip_address": "10.0.2.4",
            "private_ip_addresses": [
              "10.0.2.4"
            ],
            "provision_vm_agent": true,
            "proximity_placement_group_id": "",
            "public_ip_address": "172.192.8.112",
            "public_ip_addresses": [
              "172.192.8.112"
            ],
            "reboot_setting": "",
            "resource_group_name": "anirg_todo",
            "secret": [],
            "secure_boot_enabled": false,
            "size": "Standard_F2",
            "source_image_id": "",
            "source_image_reference": [
              {
                "offer": "0001-com-ubuntu-server-focal",
                "publisher": "Canonical",
                "sku": "20_04-lts",
                "version": "latest"
              }
            ],
            "tags": null,
            "termination_notification": null,
            "timeouts": null,
            "user_data": "",
            "virtual_machine_id": "57499368-ae17-47df-97bc-212babe9e448",
            "virtual_machine_scale_set_id": "",
            "vm_agent_platform_updates_enabled": false,
            "vtpm_enabled": false,
            "zone": ""
          },
          "sensitive_attributes": [
            [
              {
                "type": "get_attr",
                "value": "admin_password"
              }
            ],
            [
              {
                "type": "get_attr",
                "value": "admin_username"
              }
            ],
            [
              {
                "type": "get_attr",
                "value": "custom_data"
              }
            ]
          ],
          "identity_schema_version": 0,
          "private": "eyJlMmJmYjczMC1lY2FhLTExZTYtOGY4OC0zNDM2M2JjN2M0YzAiOnsiY3JlYXRlIjoyNzAwMDAwMDAwMDAwLCJkZWxldGUiOjI3MDAwMDAwMDAwMDAsInJlYWQiOjMwMDAwMDAwMDAwMCwidXBkYXRlIjoyNzAwMDAwMDAwMDAwfX0=",
          "dependencies": [
            "module.backend_public_ip.azurerm_public_ip.example",
            "module.backend_subnet.azurerm_subnet.subnet",
            "module.backend_vm.azurerm_network_interface.nic",
            "module.backend_vm.data.azurerm_key_vault.kv",
            "module.backend_vm.data.azurerm_key_vault_secret.vm_password",
            "module.backend_vm.data.azurerm_key_vault_secret.vm_username",
            "module.backend_vm.data.azurerm_public_ip.pip",
            "module.backend_vm.data.azurerm_subnet.subnet",
            "module.resource_group.azurerm_resource_group.rg_name",
            "module.virtual_network.azurerm_virtual_network.vnet"
          ]
        }
      ]
    },
    {
      "module": "module.backend_vm",
      "mode": "managed",
      "type": "azurerm_network_interface",
      "name": "nic",
      "provider": "provider[\"registry.terraform.io/hashicorp/azurerm\"]",
      "instances": [
        {
          "schema_version": 0,
          "attributes": {
            "accelerated_networking_enabled": false,
            "applied_dns_servers": [],
            "auxiliary_mode": "",
            "auxiliary_sku": "",
            "dns_servers": [],
            "edge_zone": "",
            "id": "/subscriptions/ba578ce6-e042-4ed5-9e0b-99d4cc681a62/resourceGroups/anirg_todo/providers/Microsoft.Network/networkInterfaces/nic_vm_backend",
            "internal_dns_name_label": "",
            "internal_domain_name_suffix": "1rk3koqx1pguzpvk1cyizoo52f.lx.internal.cloudapp.net",
            "ip_configuration": [
              {
                "gateway_load_balancer_frontend_ip_configuration_id": "",
                "name": "internal",
                "primary": true,
                "private_ip_address": "10.0.2.4",
                "private_ip_address_allocation": "Dynamic",
                "private_ip_address_version": "IPv4",
                "public_ip_address_id": "/subscriptions/ba578ce6-e042-4ed5-9e0b-99d4cc681a62/resourceGroups/anirg_todo/providers/Microsoft.Network/publicIPAddresses/pip_backend",
                "subnet_id": "/subscriptions/ba578ce6-e042-4ed5-9e0b-99d4cc681a62/resourceGroups/anirg_todo/providers/Microsoft.Network/virtualNetworks/anivnet/subnets/backend_subnet"
              }
            ],
            "ip_forwarding_enabled": false,
            "location": "japaneast",
            "mac_address": "",
            "name": "nic_vm_backend",
            "private_ip_address": "10.0.2.4",
            "private_ip_addresses": [
              "10.0.2.4"
            ],
            "resource_group_name": "anirg_todo",
            "tags": {},
            "timeouts": null,
            "virtual_machine_id": ""
          },
          "sensitive_attributes": [],
          "identity_schema_version": 0,
          "private": "eyJlMmJmYjczMC1lY2FhLTExZTYtOGY4OC0zNDM2M2JjN2M0YzAiOnsiY3JlYXRlIjoxODAwMDAwMDAwMDAwLCJkZWxldGUiOjE4MDAwMDAwMDAwMDAsInJlYWQiOjMwMDAwMDAwMDAwMCwidXBkYXRlIjoxODAwMDAwMDAwMDAwfX0=",
          "dependencies": [
            "module.backend_public_ip.azurerm_public_ip.example",
            "module.backend_subnet.azurerm_subnet.subnet",
            "module.backend_vm.data.azurerm_public_ip.pip",
            "module.backend_vm.data.azurerm_subnet.subnet",
            "module.resource_group.azurerm_resource_group.rg_name",
            "module.virtual_network.azurerm_virtual_network.vnet"
          ]
        }
      ]
    },
    {
      "module": "module.backend_vm",
      "mode": "managed",
      "type": "azurerm_network_interface_security_group_association",
      "name": "nsg_association",
      "provider": "provider[\"registry.terraform.io/hashicorp/azurerm\"]",
      "instances": [
        {
          "schema_version": 0,
          "attributes": {
            "id": "/subscriptions/ba578ce6-e042-4ed5-9e0b-99d4cc681a62/resourceGroups/anirg_todo/providers/Microsoft.Network/networkInterfaces/nic_vm_backend|/subscriptions/ba578ce6-e042-4ed5-9e0b-99d4cc681a62/resourceGroups/anirg_todo/providers/Microsoft.Network/networkSecurityGroups/nsg_ssh",
            "network_interface_id": "/subscriptions/ba578ce6-e042-4ed5-9e0b-99d4cc681a62/resourceGroups/anirg_todo/providers/Microsoft.Network/networkInterfaces/nic_vm_backend",
            "network_security_group_id": "/subscriptions/ba578ce6-e042-4ed5-9e0b-99d4cc681a62/resourceGroups/anirg_todo/providers/Microsoft.Network/networkSecurityGroups/nsg_ssh",
            "timeouts": null
          },
          "sensitive_attributes": [],
          "identity_schema_version": 0,
          "private": "eyJlMmJmYjczMC1lY2FhLTExZTYtOGY4OC0zNDM2M2JjN2M0YzAiOnsiY3JlYXRlIjoxODAwMDAwMDAwMDAwLCJkZWxldGUiOjE4MDAwMDAwMDAwMDAsInJlYWQiOjMwMDAwMDAwMDAwMH19",
          "dependencies": [
            "module.backend_public_ip.azurerm_public_ip.example",
            "module.backend_subnet.azurerm_subnet.subnet",
            "module.backend_vm.azurerm_network_interface.nic",
            "module.backend_vm.data.azurerm_public_ip.pip",
            "module.backend_vm.data.azurerm_subnet.subnet",
            "module.nsg.azurerm_network_security_group.nsg",
            "module.resource_group.azurerm_resource_group.rg_name",
            "module.virtual_network.azurerm_virtual_network.vnet"
          ]
        }
      ]
    },
    {
      "module": "module.frontend_public_ip",
      "mode": "managed",
      "type": "azurerm_public_ip",
      "name": "example",
      "provider": "provider[\"registry.terraform.io/hashicorp/azurerm\"]",
      "instances": [
        {
          "schema_version": 0,
          "attributes": {
            "allocation_method": "Static",
            "ddos_protection_mode": "VirtualNetworkInherited",
            "ddos_protection_plan_id": null,
            "domain_name_label": null,
            "domain_name_label_scope": null,
            "edge_zone": "",
            "fqdn": null,
            "id": "/subscriptions/ba578ce6-e042-4ed5-9e0b-99d4cc681a62/resourceGroups/anirg_todo/providers/Microsoft.Network/publicIPAddresses/pip_frontend",
            "idle_timeout_in_minutes": 4,
            "ip_address": "130.33.73.92",
            "ip_tags": {},
            "ip_version": "IPv4",
            "location": "japaneast",
            "name": "pip_frontend",
            "public_ip_prefix_id": null,
            "resource_group_name": "anirg_todo",
            "reverse_fqdn": null,
            "sku": "Standard",
            "sku_tier": "Regional",
            "tags": {},
            "timeouts": null,
            "zones": []
          },
          "sensitive_attributes": [],
          "identity_schema_version": 0,
          "private": "eyJlMmJmYjczMC1lY2FhLTExZTYtOGY4OC0zNDM2M2JjN2M0YzAiOnsiY3JlYXRlIjoxODAwMDAwMDAwMDAwLCJkZWxldGUiOjE4MDAwMDAwMDAwMDAsInJlYWQiOjMwMDAwMDAwMDAwMCwidXBkYXRlIjoxODAwMDAwMDAwMDAwfX0="
        }
      ]
    },
    {
      "module": "module.frontend_subnet",
      "mode": "managed",
      "type": "azurerm_subnet",
      "name": "subnet",
      "provider": "provider[\"registry.terraform.io/hashicorp/azurerm\"]",
      "instances": [
        {
          "schema_version": 0,
          "attributes": {
            "address_prefixes": [
              "10.0.1.0/24"
            ],
            "default_outbound_access_enabled": true,
            "delegation": [],
            "id": "/subscriptions/ba578ce6-e042-4ed5-9e0b-99d4cc681a62/resourceGroups/anirg_todo/providers/Microsoft.Network/virtualNetworks/anivnet/subnets/frontend_subnet",
            "name": "frontend_subnet",
            "private_endpoint_network_policies": "Disabled",
            "private_link_service_network_policies_enabled": true,
            "resource_group_name": "anirg_todo",
            "service_endpoint_policy_ids": [],
            "service_endpoints": [],
            "timeouts": null,
            "virtual_network_name": "anivnet"
          },
          "sensitive_attributes": [],
          "identity_schema_version": 0,
          "private": "eyJlMmJmYjczMC1lY2FhLTExZTYtOGY4OC0zNDM2M2JjN2M0YzAiOnsiY3JlYXRlIjoxODAwMDAwMDAwMDAwLCJkZWxldGUiOjE4MDAwMDAwMDAwMDAsInJlYWQiOjMwMDAwMDAwMDAwMCwidXBkYXRlIjoxODAwMDAwMDAwMDAwfX0=",
          "dependencies": [
            "module.resource_group.azurerm_resource_group.rg_name",
            "module.virtual_network.azurerm_virtual_network.vnet"
          ]
        }
      ]
    },
    {
      "module": "module.frontend_vm",
      "mode": "data",
      "type": "azurerm_key_vault",
      "name": "kv",
      "provider": "provider[\"registry.terraform.io/hashicorp/azurerm\"]",
      "instances": [
        {
          "schema_version": 0,
          "attributes": {
            "access_policy": [],
            "enable_rbac_authorization": true,
            "enabled_for_deployment": false,
            "enabled_for_disk_encryption": false,
            "enabled_for_template_deployment": false,
            "id": "/subscriptions/ba578ce6-e042-4ed5-9e0b-99d4cc681a62/resourceGroups/ani_keyvault/providers/Microsoft.KeyVault/vaults/anikv003",
            "location": "japaneast",
            "name": "anikv003",
            "network_acls": [
              {
                "bypass": "None",
                "default_action": "Allow",
                "ip_rules": [],
                "virtual_network_subnet_ids": []
              }
            ],
            "public_network_access_enabled": true,
            "purge_protection_enabled": false,
            "resource_group_name": "ani_keyvault",
            "sku_name": "standard",
            "tags": {},
            "tenant_id": "b253b333-729c-4621-ac05-e00f2a594b54",
            "timeouts": null,
            "vault_uri": "https://anikv003.vault.azure.net/"
          },
          "sensitive_attributes": [],
          "identity_schema_version": 0
        }
      ]
    },
    {
      "module": "module.frontend_vm",
      "mode": "data",
      "type": "azurerm_key_vault_secret",
      "name": "vm_password",
      "provider": "provider[\"registry.terraform.io/hashicorp/azurerm\"]",
      "instances": [
        {
          "schema_version": 0,
          "attributes": {
            "content_type": "",
            "expiration_date": null,
            "id": "https://anikv003.vault.azure.net/secrets/vm-password/c3ce4d427d294459a42276ae3f51b08e",
            "key_vault_id": "/subscriptions/ba578ce6-e042-4ed5-9e0b-99d4cc681a62/resourceGroups/ani_keyvault/providers/Microsoft.KeyVault/vaults/anikv003",
            "name": "vm-password",
            "not_before_date": null,
            "resource_id": "/subscriptions/ba578ce6-e042-4ed5-9e0b-99d4cc681a62/resourceGroups/ani_keyvault/providers/Microsoft.KeyVault/vaults/anikv003/secrets/vm-password/versions/c3ce4d427d294459a42276ae3f51b08e",
            "resource_versionless_id": "/subscriptions/ba578ce6-e042-4ed5-9e0b-99d4cc681a62/resourceGroups/ani_keyvault/providers/Microsoft.KeyVault/vaults/anikv003/secrets/vm-password",
            "tags": {},
            "timeouts": null,
            "value": "Devops@12345",
            "version": "c3ce4d427d294459a42276ae3f51b08e",
            "versionless_id": "https://anikv003.vault.azure.net/secrets/vm-password"
          },
          "sensitive_attributes": [
            [
              {
                "type": "get_attr",
                "value": "value"
              }
            ]
          ],
          "identity_schema_version": 0
        }
      ]
    },
    {
      "module": "module.frontend_vm",
      "mode": "data",
      "type": "azurerm_key_vault_secret",
      "name": "vm_username",
      "provider": "provider[\"registry.terraform.io/hashicorp/azurerm\"]",
      "instances": [
        {
          "schema_version": 0,
          "attributes": {
            "content_type": "",
            "expiration_date": null,
            "id": "https://anikv003.vault.azure.net/secrets/vm-username/33cf4c36047e4818a2f7056a9c4b6f58",
            "key_vault_id": "/subscriptions/ba578ce6-e042-4ed5-9e0b-99d4cc681a62/resourceGroups/ani_keyvault/providers/Microsoft.KeyVault/vaults/anikv003",
            "name": "vm-username",
            "not_before_date": null,
            "resource_id": "/subscriptions/ba578ce6-e042-4ed5-9e0b-99d4cc681a62/resourceGroups/ani_keyvault/providers/Microsoft.KeyVault/vaults/anikv003/secrets/vm-username/versions/33cf4c36047e4818a2f7056a9c4b6f58",
            "resource_versionless_id": "/subscriptions/ba578ce6-e042-4ed5-9e0b-99d4cc681a62/resourceGroups/ani_keyvault/providers/Microsoft.KeyVault/vaults/anikv003/secrets/vm-username",
            "tags": {},
            "timeouts": null,
            "value": "devopsadmin",
            "version": "33cf4c36047e4818a2f7056a9c4b6f58",
            "versionless_id": "https://anikv003.vault.azure.net/secrets/vm-username"
          },
          "sensitive_attributes": [
            [
              {
                "type": "get_attr",
                "value": "value"
              }
            ]
          ],
          "identity_schema_version": 0
        }
      ]
    },
    {
      "module": "module.frontend_vm",
      "mode": "data",
      "type": "azurerm_public_ip",
      "name": "pip",
      "provider": "provider[\"registry.terraform.io/hashicorp/azurerm\"]",
      "instances": [
        {
          "schema_version": 0,
          "attributes": {
            "allocation_method": "Static",
            "ddos_protection_mode": "VirtualNetworkInherited",
            "ddos_protection_plan_id": null,
            "domain_name_label": "",
            "fqdn": "",
            "id": "/subscriptions/ba578ce6-e042-4ed5-9e0b-99d4cc681a62/resourceGroups/anirg_todo/providers/Microsoft.Network/publicIPAddresses/pip_frontend",
            "idle_timeout_in_minutes": 4,
            "ip_address": "130.33.73.92",
            "ip_tags": {},
            "ip_version": "IPv4",
            "location": "japaneast",
            "name": "pip_frontend",
            "resource_group_name": "anirg_todo",
            "reverse_fqdn": "",
            "sku": "Standard",
            "tags": {},
            "timeouts": null,
            "zones": []
          },
          "sensitive_attributes": [],
          "identity_schema_version": 0
        }
      ]
    },
    {
      "module": "module.frontend_vm",
      "mode": "data",
      "type": "azurerm_subnet",
      "name": "subnet",
      "provider": "provider[\"registry.terraform.io/hashicorp/azurerm\"]",
      "instances": [
        {
          "schema_version": 0,
          "attributes": {
            "address_prefix": "10.0.1.0/24",
            "address_prefixes": [
              "10.0.1.0/24"
            ],
            "default_outbound_access_enabled": true,
            "id": "/subscriptions/ba578ce6-e042-4ed5-9e0b-99d4cc681a62/resourceGroups/anirg_todo/providers/Microsoft.Network/virtualNetworks/anivnet/subnets/frontend_subnet",
            "name": "frontend_subnet",
            "network_security_group_id": "",
            "private_endpoint_network_policies": "Disabled",
            "private_link_service_network_policies_enabled": true,
            "resource_group_name": "anirg_todo",
            "route_table_id": "",
            "service_endpoints": [],
            "timeouts": null,
            "virtual_network_name": "anivnet"
          },
          "sensitive_attributes": [],
          "identity_schema_version": 0
        }
      ]
    },
    {
      "module": "module.frontend_vm",
      "mode": "managed",
      "type": "azurerm_linux_virtual_machine",
      "name": "linux_vm",
      "provider": "provider[\"registry.terraform.io/hashicorp/azurerm\"]",
      "instances": [
        {
          "schema_version": 0,
          "attributes": {
            "additional_capabilities": [],
            "admin_password": "Devops@12345",
            "admin_ssh_key": [],
            "admin_username": "devopsadmin",
            "allow_extension_operations": true,
            "availability_set_id": "",
            "boot_diagnostics": [],
            "bypass_platform_safety_checks_on_user_schedule_enabled": false,
            "capacity_reservation_group_id": "",
            "computer_name": "vm-frontend",
            "custom_data": null,
            "dedicated_host_group_id": "",
            "dedicated_host_id": "",
            "disable_password_authentication": false,
            "disk_controller_type": "",
            "edge_zone": "",
            "encryption_at_host_enabled": false,
            "eviction_policy": "",
            "extensions_time_budget": "PT1H30M",
            "gallery_application": [],
            "id": "/subscriptions/ba578ce6-e042-4ed5-9e0b-99d4cc681a62/resourceGroups/anirg_todo/providers/Microsoft.Compute/virtualMachines/vm-frontend",
            "identity": [],
            "license_type": "",
            "location": "japaneast",
            "max_bid_price": -1,
            "name": "vm-frontend",
            "network_interface_ids": [
              "/subscriptions/ba578ce6-e042-4ed5-9e0b-99d4cc681a62/resourceGroups/anirg_todo/providers/Microsoft.Network/networkInterfaces/nic_vm_frontend"
            ],
            "os_disk": [
              {
                "caching": "ReadWrite",
                "diff_disk_settings": [],
                "disk_encryption_set_id": "",
                "disk_size_gb": 30,
                "id": "/subscriptions/ba578ce6-e042-4ed5-9e0b-99d4cc681a62/resourceGroups/anirg_todo/providers/Microsoft.Compute/disks/vm-frontend_OsDisk_1_c11301d5c3b6478586037876eacb8e71",
                "name": "vm-frontend_OsDisk_1_c11301d5c3b6478586037876eacb8e71",
                "secure_vm_disk_encryption_set_id": "",
                "security_encryption_type": "",
                "storage_account_type": "Standard_LRS",
                "write_accelerator_enabled": false
              }
            ],
            "os_image_notification": [],
            "patch_assessment_mode": "ImageDefault",
            "patch_mode": "ImageDefault",
            "plan": [],
            "platform_fault_domain": -1,
            "priority": "Regular",
            "private_ip_address": "10.0.1.4",
            "private_ip_addresses": [
              "10.0.1.4"
            ],
            "provision_vm_agent": true,
            "proximity_placement_group_id": "",
            "public_ip_address": "130.33.73.92",
            "public_ip_addresses": [
              "130.33.73.92"
            ],
            "reboot_setting": "",
            "resource_group_name": "anirg_todo",
            "secret": [],
            "secure_boot_enabled": false,
            "size": "Standard_F2",
            "source_image_id": "",
            "source_image_reference": [
              {
                "offer": "0001-com-ubuntu-server-focal",
                "publisher": "Canonical",
                "sku": "20_04-lts",
                "version": "latest"
              }
            ],
            "tags": null,
            "termination_notification": null,
            "timeouts": null,
            "user_data": "",
            "virtual_machine_id": "f3a8796d-a05a-4a15-ae4e-58baee7f981f",
            "virtual_machine_scale_set_id": "",
            "vm_agent_platform_updates_enabled": false,
            "vtpm_enabled": false,
            "zone": ""
          },
          "sensitive_attributes": [
            [
              {
                "type": "get_attr",
                "value": "admin_password"
              }
            ],
            [
              {
                "type": "get_attr",
                "value": "admin_username"
              }
            ],
            [
              {
                "type": "get_attr",
                "value": "custom_data"
              }
            ]
          ],
          "identity_schema_version": 0,
          "private": "eyJlMmJmYjczMC1lY2FhLTExZTYtOGY4OC0zNDM2M2JjN2M0YzAiOnsiY3JlYXRlIjoyNzAwMDAwMDAwMDAwLCJkZWxldGUiOjI3MDAwMDAwMDAwMDAsInJlYWQiOjMwMDAwMDAwMDAwMCwidXBkYXRlIjoyNzAwMDAwMDAwMDAwfX0=",
          "dependencies": [
            "module.frontend_public_ip.azurerm_public_ip.example",
            "module.frontend_subnet.azurerm_subnet.subnet",
            "module.frontend_vm.azurerm_network_interface.nic",
            "module.frontend_vm.data.azurerm_key_vault.kv",
            "module.frontend_vm.data.azurerm_key_vault_secret.vm_password",
            "module.frontend_vm.data.azurerm_key_vault_secret.vm_username",
            "module.frontend_vm.data.azurerm_public_ip.pip",
            "module.frontend_vm.data.azurerm_subnet.subnet",
            "module.resource_group.azurerm_resource_group.rg_name",
            "module.virtual_network.azurerm_virtual_network.vnet"
          ]
        }
      ]
    },
    {
      "module": "module.frontend_vm",
      "mode": "managed",
      "type": "azurerm_network_interface",
      "name": "nic",
      "provider": "provider[\"registry.terraform.io/hashicorp/azurerm\"]",
      "instances": [
        {
          "schema_version": 0,
          "attributes": {
            "accelerated_networking_enabled": false,
            "applied_dns_servers": [],
            "auxiliary_mode": "",
            "auxiliary_sku": "",
            "dns_servers": [],
            "edge_zone": "",
            "id": "/subscriptions/ba578ce6-e042-4ed5-9e0b-99d4cc681a62/resourceGroups/anirg_todo/providers/Microsoft.Network/networkInterfaces/nic_vm_frontend",
            "internal_dns_name_label": "",
            "internal_domain_name_suffix": "1rk3koqx1pguzpvk1cyizoo52f.lx.internal.cloudapp.net",
            "ip_configuration": [
              {
                "gateway_load_balancer_frontend_ip_configuration_id": "",
                "name": "internal",
                "primary": true,
                "private_ip_address": "10.0.1.4",
                "private_ip_address_allocation": "Dynamic",
                "private_ip_address_version": "IPv4",
                "public_ip_address_id": "/subscriptions/ba578ce6-e042-4ed5-9e0b-99d4cc681a62/resourceGroups/anirg_todo/providers/Microsoft.Network/publicIPAddresses/pip_frontend",
                "subnet_id": "/subscriptions/ba578ce6-e042-4ed5-9e0b-99d4cc681a62/resourceGroups/anirg_todo/providers/Microsoft.Network/virtualNetworks/anivnet/subnets/frontend_subnet"
              }
            ],
            "ip_forwarding_enabled": false,
            "location": "japaneast",
            "mac_address": "",
            "name": "nic_vm_frontend",
            "private_ip_address": "10.0.1.4",
            "private_ip_addresses": [
              "10.0.1.4"
            ],
            "resource_group_name": "anirg_todo",
            "tags": {},
            "timeouts": null,
            "virtual_machine_id": ""
          },
          "sensitive_attributes": [],
          "identity_schema_version": 0,
          "private": "eyJlMmJmYjczMC1lY2FhLTExZTYtOGY4OC0zNDM2M2JjN2M0YzAiOnsiY3JlYXRlIjoxODAwMDAwMDAwMDAwLCJkZWxldGUiOjE4MDAwMDAwMDAwMDAsInJlYWQiOjMwMDAwMDAwMDAwMCwidXBkYXRlIjoxODAwMDAwMDAwMDAwfX0=",
          "dependencies": [
            "module.frontend_public_ip.azurerm_public_ip.example",
            "module.frontend_subnet.azurerm_subnet.subnet",
            "module.frontend_vm.data.azurerm_public_ip.pip",
            "module.frontend_vm.data.azurerm_subnet.subnet",
            "module.resource_group.azurerm_resource_group.rg_name",
            "module.virtual_network.azurerm_virtual_network.vnet"
          ]
        }
      ]
    },
    {
      "module": "module.frontend_vm",
      "mode": "managed",
      "type": "azurerm_network_interface_security_group_association",
      "name": "nsg_association",
      "provider": "provider[\"registry.terraform.io/hashicorp/azurerm\"]",
      "instances": [
        {
          "schema_version": 0,
          "attributes": {
            "id": "/subscriptions/ba578ce6-e042-4ed5-9e0b-99d4cc681a62/resourceGroups/anirg_todo/providers/Microsoft.Network/networkInterfaces/nic_vm_frontend|/subscriptions/ba578ce6-e042-4ed5-9e0b-99d4cc681a62/resourceGroups/anirg_todo/providers/Microsoft.Network/networkSecurityGroups/nsg_ssh",
            "network_interface_id": "/subscriptions/ba578ce6-e042-4ed5-9e0b-99d4cc681a62/resourceGroups/anirg_todo/providers/Microsoft.Network/networkInterfaces/nic_vm_frontend",
            "network_security_group_id": "/subscriptions/ba578ce6-e042-4ed5-9e0b-99d4cc681a62/resourceGroups/anirg_todo/providers/Microsoft.Network/networkSecurityGroups/nsg_ssh",
            "timeouts": null
          },
          "sensitive_attributes": [],
          "identity_schema_version": 0,
          "private": "eyJlMmJmYjczMC1lY2FhLTExZTYtOGY4OC0zNDM2M2JjN2M0YzAiOnsiY3JlYXRlIjoxODAwMDAwMDAwMDAwLCJkZWxldGUiOjE4MDAwMDAwMDAwMDAsInJlYWQiOjMwMDAwMDAwMDAwMH19",
          "dependencies": [
            "module.frontend_public_ip.azurerm_public_ip.example",
            "module.frontend_subnet.azurerm_subnet.subnet",
            "module.frontend_vm.azurerm_network_interface.nic",
            "module.frontend_vm.data.azurerm_public_ip.pip",
            "module.frontend_vm.data.azurerm_subnet.subnet",
            "module.nsg.azurerm_network_security_group.nsg",
            "module.resource_group.azurerm_resource_group.rg_name",
            "module.virtual_network.azurerm_virtual_network.vnet"
          ]
        }
      ]
    },
    {
      "module": "module.nsg",
      "mode": "managed",
      "type": "azurerm_network_security_group",
      "name": "nsg",
      "provider": "provider[\"registry.terraform.io/hashicorp/azurerm\"]",
      "instances": [
        {
          "schema_version": 0,
          "attributes": {
            "id": "/subscriptions/ba578ce6-e042-4ed5-9e0b-99d4cc681a62/resourceGroups/anirg_todo/providers/Microsoft.Network/networkSecurityGroups/nsg_ssh",
            "location": "japaneast",
            "name": "nsg_ssh",
            "resource_group_name": "anirg_todo",
            "security_rule": [
              {
                "access": "Allow",
                "description": "",
                "destination_address_prefix": "*",
                "destination_address_prefixes": [],
                "destination_application_security_group_ids": [],
                "destination_port_range": "22",
                "destination_port_ranges": [],
                "direction": "Inbound",
                "name": "SSH",
                "priority": 1001,
                "protocol": "*",
                "source_address_prefix": "*",
                "source_address_prefixes": [],
                "source_application_security_group_ids": [],
                "source_port_range": "*",
                "source_port_ranges": []
              },
              {
                "access": "Allow",
                "description": "",
                "destination_address_prefix": "*",
                "destination_address_prefixes": [],
                "destination_application_security_group_ids": [],
                "destination_port_range": "80",
                "destination_port_ranges": [],
                "direction": "Inbound",
                "name": "Allow-HTTP",
                "priority": 1002,
                "protocol": "Tcp",
                "source_address_prefix": "*",
                "source_address_prefixes": [],
                "source_application_security_group_ids": [],
                "source_port_range": "*",
                "source_port_ranges": []
              }
            ],
            "tags": {},
            "timeouts": null
          },
          "sensitive_attributes": [],
          "identity_schema_version": 0,
          "private": "eyJlMmJmYjczMC1lY2FhLTExZTYtOGY4OC0zNDM2M2JjN2M0YzAiOnsiY3JlYXRlIjoxODAwMDAwMDAwMDAwLCJkZWxldGUiOjE4MDAwMDAwMDAwMDAsInJlYWQiOjMwMDAwMDAwMDAwMCwidXBkYXRlIjoxODAwMDAwMDAwMDAwfX0="
        }
      ]
    },
    {
      "module": "module.resource_group",
      "mode": "managed",
      "type": "azurerm_resource_group",
      "name": "rg_name",
      "provider": "provider[\"registry.terraform.io/hashicorp/azurerm\"]",
      "instances": [
        {
          "schema_version": 0,
          "attributes": {
            "id": "/subscriptions/ba578ce6-e042-4ed5-9e0b-99d4cc681a62/resourceGroups/anirg_todo",
            "location": "japaneast",
            "managed_by": "",
            "name": "anirg_todo",
            "tags": {},
            "timeouts": null
          },
          "sensitive_attributes": [],
          "identity_schema_version": 0,
          "private": "eyJlMmJmYjczMC1lY2FhLTExZTYtOGY4OC0zNDM2M2JjN2M0YzAiOnsiY3JlYXRlIjo1NDAwMDAwMDAwMDAwLCJkZWxldGUiOjU0MDAwMDAwMDAwMDAsInJlYWQiOjMwMDAwMDAwMDAwMCwidXBkYXRlIjo1NDAwMDAwMDAwMDAwfX0="
        }
      ]
    },
    {
      "module": "module.sql_database",
      "mode": "managed",
      "type": "azurerm_mssql_database",
      "name": "database",
      "provider": "provider[\"registry.terraform.io/hashicorp/azurerm\"]",
      "instances": [
        {
          "schema_version": 1,
          "attributes": {
            "auto_pause_delay_in_minutes": 0,
            "collation": "SQL_Latin1_General_CP1_CI_AS",
            "create_mode": "Default",
            "creation_source_database_id": null,
            "elastic_pool_id": "",
            "enclave_type": "",
            "geo_backup_enabled": true,
            "id": "/subscriptions/ba578ce6-e042-4ed5-9e0b-99d4cc681a62/resourceGroups/anirg_todo/providers/Microsoft.Sql/servers/animssql/databases/animsdb",
            "identity": [],
            "import": [],
            "ledger_enabled": false,
            "license_type": "LicenseIncluded",
            "long_term_retention_policy": [
              {
                "immutable_backups_enabled": false,
                "monthly_retention": "PT0S",
                "week_of_year": 1,
                "weekly_retention": "PT0S",
                "yearly_retention": "PT0S"
              }
            ],
            "maintenance_configuration_name": "SQL_Default",
            "max_size_gb": 2,
            "min_capacity": 0,
            "name": "animsdb",
            "read_replica_count": 0,
            "read_scale": false,
            "recover_database_id": null,
            "recovery_point_id": null,
            "restore_dropped_database_id": null,
            "restore_long_term_retention_backup_id": null,
            "restore_point_in_time": null,
            "sample_name": null,
            "secondary_type": "",
            "server_id": "/subscriptions/ba578ce6-e042-4ed5-9e0b-99d4cc681a62/resourceGroups/anirg_todo/providers/Microsoft.Sql/servers/animssql",
            "short_term_retention_policy": [
              {
                "backup_interval_in_hours": 24,
                "retention_days": 7
              }
            ],
            "sku_name": "S0",
            "storage_account_type": "Geo",
            "tags": {},
            "threat_detection_policy": [
              {
                "disabled_alerts": [],
                "email_account_admins": "Disabled",
                "email_addresses": [],
                "retention_days": 0,
                "state": "Disabled",
                "storage_account_access_key": "",
                "storage_endpoint": ""
              }
            ],
            "timeouts": null,
            "transparent_data_encryption_enabled": true,
            "transparent_data_encryption_key_automatic_rotation_enabled": false,
            "transparent_data_encryption_key_vault_key_id": "",
            "zone_redundant": false
          },
          "sensitive_attributes": [
            [
              {
                "type": "get_attr",
                "value": "threat_detection_policy"
              },
              {
                "type": "index",
                "value": {
                  "value": 0,
                  "type": "number"
                }
              },
              {
                "type": "get_attr",
                "value": "storage_account_access_key"
              }
            ]
          ],
          "identity_schema_version": 0,
          "private": "eyJlMmJmYjczMC1lY2FhLTExZTYtOGY4OC0zNDM2M2JjN2M0YzAiOnsiY3JlYXRlIjozNjAwMDAwMDAwMDAwLCJkZWxldGUiOjM2MDAwMDAwMDAwMDAsInJlYWQiOjMwMDAwMDAwMDAwMCwidXBkYXRlIjozNjAwMDAwMDAwMDAwfSwic2NoZW1hX3ZlcnNpb24iOiIxIn0=",
          "dependencies": [
            "module.sql_server.azurerm_mssql_server.sql_server"
          ]
        }
      ]
    },
    {
      "module": "module.sql_server",
      "mode": "managed",
      "type": "azurerm_mssql_server",
      "name": "sql_server",
      "provider": "provider[\"registry.terraform.io/hashicorp/azurerm\"]",
      "instances": [
        {
          "schema_version": 0,
          "attributes": {
            "administrator_login": "devopsadmin",
            "administrator_login_password": "Devops@12345",
            "administrator_login_password_wo": null,
            "administrator_login_password_wo_version": 0,
            "azuread_administrator": [],
            "connection_policy": "Default",
            "express_vulnerability_assessment_enabled": false,
            "fully_qualified_domain_name": "animssql.database.windows.net",
            "id": "/subscriptions/ba578ce6-e042-4ed5-9e0b-99d4cc681a62/resourceGroups/anirg_todo/providers/Microsoft.Sql/servers/animssql",
            "identity": [],
            "location": "japaneast",
            "minimum_tls_version": "1.2",
            "name": "animssql",
            "outbound_network_restriction_enabled": false,
            "primary_user_assigned_identity_id": "",
            "public_network_access_enabled": true,
            "resource_group_name": "anirg_todo",
            "restorable_dropped_database_ids": [],
            "tags": {},
            "timeouts": null,
            "transparent_data_encryption_key_vault_key_id": "",
            "version": "12.0"
          },
          "sensitive_attributes": [
            [
              {
                "type": "get_attr",
                "value": "administrator_login_password"
              }
            ],
            [
              {
                "type": "get_attr",
                "value": "administrator_login_password_wo"
              }
            ]
          ],
          "identity_schema_version": 0,
          "private": "eyJlMmJmYjczMC1lY2FhLTExZTYtOGY4OC0zNDM2M2JjN2M0YzAiOnsiY3JlYXRlIjozNjAwMDAwMDAwMDAwLCJkZWxldGUiOjM2MDAwMDAwMDAwMDAsInJlYWQiOjMwMDAwMDAwMDAwMCwidXBkYXRlIjozNjAwMDAwMDAwMDAwfX0="
        }
      ]
    },
    {
      "module": "module.virtual_network",
      "mode": "managed",
      "type": "azurerm_virtual_network",
      "name": "vnet",
      "provider": "provider[\"registry.terraform.io/hashicorp/azurerm\"]",
      "instances": [
        {
          "schema_version": 0,
          "attributes": {
            "address_space": [
              "10.0.0.0/16"
            ],
            "bgp_community": "",
            "ddos_protection_plan": [],
            "dns_servers": [],
            "edge_zone": "",
            "encryption": [],
            "flow_timeout_in_minutes": 0,
            "guid": "3ad555dc-db17-4ccd-beaa-d8b08cb9dfe5",
            "id": "/subscriptions/ba578ce6-e042-4ed5-9e0b-99d4cc681a62/resourceGroups/anirg_todo/providers/Microsoft.Network/virtualNetworks/anivnet",
            "ip_address_pool": [],
            "location": "japaneast",
            "name": "anivnet",
            "private_endpoint_vnet_policies": "Disabled",
            "resource_group_name": "anirg_todo",
            "subnet": [
              {
                "address_prefixes": [
                  "10.0.1.0/24"
                ],
                "default_outbound_access_enabled": true,
                "delegation": [],
                "id": "/subscriptions/ba578ce6-e042-4ed5-9e0b-99d4cc681a62/resourceGroups/anirg_todo/providers/Microsoft.Network/virtualNetworks/anivnet/subnets/frontend_subnet",
                "name": "frontend_subnet",
                "private_endpoint_network_policies": "Disabled",
                "private_link_service_network_policies_enabled": true,
                "route_table_id": "",
                "security_group": "",
                "service_endpoint_policy_ids": [],
                "service_endpoints": []
              },
              {
                "address_prefixes": [
                  "10.0.2.0/24"
                ],
                "default_outbound_access_enabled": true,
                "delegation": [],
                "id": "/subscriptions/ba578ce6-e042-4ed5-9e0b-99d4cc681a62/resourceGroups/anirg_todo/providers/Microsoft.Network/virtualNetworks/anivnet/subnets/backend_subnet",
                "name": "backend_subnet",
                "private_endpoint_network_policies": "Disabled",
                "private_link_service_network_policies_enabled": true,
                "route_table_id": "",
                "security_group": "",
                "service_endpoint_policy_ids": [],
                "service_endpoints": []
              }
            ],
            "tags": {},
            "timeouts": null
          },
          "sensitive_attributes": [],
          "identity_schema_version": 0,
          "private": "eyJlMmJmYjczMC1lY2FhLTExZTYtOGY4OC0zNDM2M2JjN2M0YzAiOnsiY3JlYXRlIjoxODAwMDAwMDAwMDAwLCJkZWxldGUiOjE4MDAwMDAwMDAwMDAsInJlYWQiOjMwMDAwMDAwMDAwMCwidXBkYXRlIjoxODAwMDAwMDAwMDAwfX0=",
          "dependencies": [
            "module.resource_group.azurerm_resource_group.rg_name"
          ]
        }
      ]
    }
  ],
  "check_results": null
}
